
Microsoft Visual Studio Solution File, Format Version 12.00
# Visual Studio Version 17
VisualStudioVersion = 17.14.36518.9 d17.14
MinimumVisualStudioVersion = 10.0.40219.1
Project("{FAE04EC0-301F-11D3-BF4B-00C04F79EFBC}") = "MotoAPP", "MotoAPP\MotoAPP.csproj", "{F675D953-C27F-4AE5-BCE1-1E52CC8BC048}"
EndProject
Global
	GlobalSection(SolutionConfigurationPlatforms) = preSolution
		Debug|Any CPU = Debug|Any CPU
		Release|Any CPU = Release|Any CPU
	EndGlobalSection
	GlobalSection(ProjectConfigurationPlatforms) = postSolution
		{F675D953-C27F-4AE5-BCE1-1E52CC8BC048}.Debug|Any CPU.ActiveCfg = Debug|Any CPU
		{F675D953-C27F-4AE5-BCE1-1E52CC8BC048}.Debug|Any CPU.Build.0 = Debug|Any CPU
		{F675D953-C27F-4AE5-BCE1-1E52CC8BC048}.Release|Any CPU.ActiveCfg = Release|Any CPU
		{F675D953-C27F-4AE5-BCE1-1E52CC8BC048}.Release|Any CPU.Build.0 = Release|Any CPU
	EndGlobalSection
	GlobalSection(SolutionProperties) = preSolution
		HideSolutionNode = FALSE
	EndGlobalSection
	GlobalSection(ExtensibilityGlobals) = postSolution
		SolutionGuid = {C560951E-6C08-45EF-B8EB-0C9F1AF7DF6C}
	EndGlobalSection
EndGlobal
